
Microsoft Visual Studio Solution File, Format Version 12.00
# Visual Studio Version 17
VisualStudioVersion = 17.10.35013.160
MinimumVisualStudioVersion = 10.0.40219.1
Project("{9A19103F-16F7-4668-BE54-9A1E7A4F7556}") = "srrf", "srrf\srrf.csproj", "{8EB09434-4C91-4552-A9ED-F90C115BDC55}"
EndProject
Global
	GlobalSection(SolutionConfigurationPlatforms) = preSolution
		Debug|Any CPU = Debug|Any CPU
		Release|Any CPU = Release|Any CPU
	EndGlobalSection
	GlobalSection(ProjectConfigurationPlatforms) = postSolution
		{8EB09434-4C91-4552-A9ED-F90C115BDC55}.Debug|Any CPU.ActiveCfg = Debug|Any CPU
		{8EB09434-4C91-4552-A9ED-F90C115BDC55}.Debug|Any CPU.Build.0 = Debug|Any CPU
		{8EB09434-4C91-4552-A9ED-F90C115BDC55}.Release|Any CPU.ActiveCfg = Release|Any CPU
		{8EB09434-4C91-4552-A9ED-F90C115BDC55}.Release|Any CPU.Build.0 = Release|Any CPU
	EndGlobalSection
	GlobalSection(SolutionProperties) = preSolution
		HideSolutionNode = FALSE
	EndGlobalSection
	GlobalSection(ExtensibilityGlobals) = postSolution
		SolutionGuid = {D66D7937-2B1A-4318-9F47-325E05A57B0C}
	EndGlobalSection
EndGlobal
